
Microsoft Visual Studio Solution File, Format Version 12.00
# Visual Studio Version 17
VisualStudioVersion = 17.11.35222.181
MinimumVisualStudioVersion = 10.0.40219.1
Project("{FAE04EC0-301F-11D3-BF4B-00C04F79EFBC}") = "LearnCSharp", "LearnCSharp\LearnCSharp.csproj", "{93D9FB98-166B-4DF9-9041-CC887378B34C}"
EndProject
Project("{FAE04EC0-301F-11D3-BF4B-00C04F79EFBC}") = "NumericDataTypes", "NumericDataTypes\NumericDataTypes.csproj", "{47B3EE76-D70D-4D73-A32E-E422B7B5E46B}"
EndProject
Project("{FAE04EC0-301F-11D3-BF4B-00C04F79EFBC}") = "TextBasedDataTypes", "TextBasedDataTypes\TextBasedDataTypes.csproj", "{F4C5EE5E-249F-4BA3-9C81-AF1F7EDA4B4D}"
EndProject
Project("{FAE04EC0-301F-11D3-BF4B-00C04F79EFBC}") = "ConvertingStringToNumber", "ConvertingStringToNumber\ConvertingStringToNumber.csproj", "{9D8C6034-C62E-4562-A2B2-5B772B495AE6}"
EndProject
Project("{FAE04EC0-301F-11D3-BF4B-00C04F79EFBC}") = "BooleanDataType", "BooleanDataType\BooleanDataType.csproj", "{AC7C7F27-5E82-48D9-8002-E1D0848252AC}"
EndProject
Global
	GlobalSection(SolutionConfigurationPlatforms) = preSolution
		Debug|Any CPU = Debug|Any CPU
		Release|Any CPU = Release|Any CPU
	EndGlobalSection
	GlobalSection(ProjectConfigurationPlatforms) = postSolution
		{93D9FB98-166B-4DF9-9041-CC887378B34C}.Debug|Any CPU.ActiveCfg = Debug|Any CPU
		{93D9FB98-166B-4DF9-9041-CC887378B34C}.Debug|Any CPU.Build.0 = Debug|Any CPU
		{93D9FB98-166B-4DF9-9041-CC887378B34C}.Release|Any CPU.ActiveCfg = Release|Any CPU
		{93D9FB98-166B-4DF9-9041-CC887378B34C}.Release|Any CPU.Build.0 = Release|Any CPU
		{47B3EE76-D70D-4D73-A32E-E422B7B5E46B}.Debug|Any CPU.ActiveCfg = Debug|Any CPU
		{47B3EE76-D70D-4D73-A32E-E422B7B5E46B}.Debug|Any CPU.Build.0 = Debug|Any CPU
		{47B3EE76-D70D-4D73-A32E-E422B7B5E46B}.Release|Any CPU.ActiveCfg = Release|Any CPU
		{47B3EE76-D70D-4D73-A32E-E422B7B5E46B}.Release|Any CPU.Build.0 = Release|Any CPU
		{F4C5EE5E-249F-4BA3-9C81-AF1F7EDA4B4D}.Debug|Any CPU.ActiveCfg = Debug|Any CPU
		{F4C5EE5E-249F-4BA3-9C81-AF1F7EDA4B4D}.Debug|Any CPU.Build.0 = Debug|Any CPU
		{F4C5EE5E-249F-4BA3-9C81-AF1F7EDA4B4D}.Release|Any CPU.ActiveCfg = Release|Any CPU
		{F4C5EE5E-249F-4BA3-9C81-AF1F7EDA4B4D}.Release|Any CPU.Build.0 = Release|Any CPU
		{9D8C6034-C62E-4562-A2B2-5B772B495AE6}.Debug|Any CPU.ActiveCfg = Debug|Any CPU
		{9D8C6034-C62E-4562-A2B2-5B772B495AE6}.Debug|Any CPU.Build.0 = Debug|Any CPU
		{9D8C6034-C62E-4562-A2B2-5B772B495AE6}.Release|Any CPU.ActiveCfg = Release|Any CPU
		{9D8C6034-C62E-4562-A2B2-5B772B495AE6}.Release|Any CPU.Build.0 = Release|Any CPU
		{AC7C7F27-5E82-48D9-8002-E1D0848252AC}.Debug|Any CPU.ActiveCfg = Debug|Any CPU
		{AC7C7F27-5E82-48D9-8002-E1D0848252AC}.Debug|Any CPU.Build.0 = Debug|Any CPU
		{AC7C7F27-5E82-48D9-8002-E1D0848252AC}.Release|Any CPU.ActiveCfg = Release|Any CPU
		{AC7C7F27-5E82-48D9-8002-E1D0848252AC}.Release|Any CPU.Build.0 = Release|Any CPU
	EndGlobalSection
	GlobalSection(SolutionProperties) = preSolution
		HideSolutionNode = FALSE
	EndGlobalSection
	GlobalSection(ExtensibilityGlobals) = postSolution
		SolutionGuid = {177F01E0-AB60-431E-8FE4-878CDF155F34}
	EndGlobalSection
EndGlobal
